
Microsoft Visual Studio Solution File, Format Version 12.00
# Visual Studio Version 17
VisualStudioVersion = 17.4.33110.190
MinimumVisualStudioVersion = 10.0.40219.1
Project("{9A19103F-16F7-4668-BE54-9A1E7A4F7556}") = "ShoeStore", "ShoeStore.csproj", "{0AF67857-6967-43B0-8D67-952EF1F9923C}"
EndProject
Global
	GlobalSection(SolutionConfigurationPlatforms) = preSolution
		Debug|Any CPU = Debug|Any CPU
		Release|Any CPU = Release|Any CPU
	EndGlobalSection
	GlobalSection(ProjectConfigurationPlatforms) = postSolution
		{0AF67857-6967-43B0-8D67-952EF1F9923C}.Debug|Any CPU.ActiveCfg = Debug|Any CPU
		{0AF67857-6967-43B0-8D67-952EF1F9923C}.Debug|Any CPU.Build.0 = Debug|Any CPU
		{0AF67857-6967-43B0-8D67-952EF1F9923C}.Release|Any CPU.ActiveCfg = Release|Any CPU
		{0AF67857-6967-43B0-8D67-952EF1F9923C}.Release|Any CPU.Build.0 = Release|Any CPU
	EndGlobalSection
	GlobalSection(SolutionProperties) = preSolution
		HideSolutionNode = FALSE
	EndGlobalSection
	GlobalSection(ExtensibilityGlobals) = postSolution
		SolutionGuid = {3A368CF9-6ECC-4458-8602-061642475342}
	EndGlobalSection
EndGlobal
